
Microsoft Visual Studio Solution File, Format Version 12.00
# Visual Studio Version 16
VisualStudioVersion = 16.0.30907.101
MinimumVisualStudioVersion = 10.0.40219.1
Project("{9A19103F-16F7-4668-BE54-9A1E7A4F7556}") = "DummyDataGenerator", "DummyDataGenerator\DummyDataGenerator.csproj", "{36DFD016-9748-4BE9-85DD-164D9A520B5D}"
EndProject
Project("{FAE04EC0-301F-11D3-BF4B-00C04F79EFBC}") = "DummyDataGenerator.TestAPI", "DummyDataGenerator.TestAPI\DummyDataGenerator.TestAPI.csproj", "{F561C8ED-E131-4A24-906A-DA2E546AE7BA}"
EndProject
Global
	GlobalSection(SolutionConfigurationPlatforms) = preSolution
		Debug|Any CPU = Debug|Any CPU
		Release|Any CPU = Release|Any CPU
	EndGlobalSection
	GlobalSection(ProjectConfigurationPlatforms) = postSolution
		{36DFD016-9748-4BE9-85DD-164D9A520B5D}.Debug|Any CPU.ActiveCfg = Debug|Any CPU
		{36DFD016-9748-4BE9-85DD-164D9A520B5D}.Debug|Any CPU.Build.0 = Debug|Any CPU
		{36DFD016-9748-4BE9-85DD-164D9A520B5D}.Release|Any CPU.ActiveCfg = Release|Any CPU
		{36DFD016-9748-4BE9-85DD-164D9A520B5D}.Release|Any CPU.Build.0 = Release|Any CPU
		{F561C8ED-E131-4A24-906A-DA2E546AE7BA}.Debug|Any CPU.ActiveCfg = Debug|Any CPU
		{F561C8ED-E131-4A24-906A-DA2E546AE7BA}.Debug|Any CPU.Build.0 = Debug|Any CPU
		{F561C8ED-E131-4A24-906A-DA2E546AE7BA}.Release|Any CPU.ActiveCfg = Release|Any CPU
		{F561C8ED-E131-4A24-906A-DA2E546AE7BA}.Release|Any CPU.Build.0 = Release|Any CPU
	EndGlobalSection
	GlobalSection(SolutionProperties) = preSolution
		HideSolutionNode = FALSE
	EndGlobalSection
	GlobalSection(ExtensibilityGlobals) = postSolution
		SolutionGuid = {10B04F9F-0B37-49FB-868E-4681C5CCCBDB}
	EndGlobalSection
EndGlobal
